#MicroXplorer Configuration settings - do not modify
Mcu.Family=STM32F3
ProjectManager.MainLocation=Src
ADC1.Offset-6\#ChannelRegularConversion=0
RCC.MCOFreq_Value=8000000
RCC.USART1Freq_Value=8000000
RCC.CortexFreq_Value=1000000
ProjectManager.KeepUserCode=true
Mcu.UserName=STM32F303VCTx
ADC2.SamplingTime-1\#ChannelRegularConversion=ADC_SAMPLETIME_1CYCLE_5
ADC1.ContinuousConvMode=ENABLE
ARM.CMSIS.5.6.0_SwParameter=CMSISJjDSP\:Library;CMSISJjCORE\:true;
USART1.BaudRate=9600
ADC1.SamplingTime-6\#ChannelRegularConversion=ADC_SAMPLETIME_1CYCLE_5
RCC.PLLCLKFreq_Value=8000000
ARM.CMSIS.5.6.0.IPParameters=CMSISJjCORE,CMSISJjDSP
ProjectManager.functionlistsort=1-MX_GPIO_Init-GPIO-false-HAL-true,2-MX_DMA_Init-DMA-false-HAL-true,3-SystemClock_Config-RCC-false-HAL-false,4-MX_ADC1_Init-ADC1-false-HAL-true,5-MX_ADC2_Init-ADC2-false-HAL-true,6-MX_USART1_UART_Init-USART1-false-HAL-true,7-MX_TIM8_Init-TIM8-false-HAL-true
RCC.RTCFreq_Value=40000
RCC.ADC34PRES=RCC_ADC34PLLCLK_DIV256
RCC.HSEPLLFreq_Value=8000000
RCC.USART2Freq_Value=62500
PC5.Mode=Asynchronous
USART1.IPParameters=VirtualMode-Asynchronous,BaudRate
VP_TIM8_VS_ClockSourceINT.Signal=TIM8_VS_ClockSourceINT
PinOutPanel.RotationAngle=0
ProjectManager.StackSize=0x400
VP_ARM.CMSIS_VS_CMSISJjCORE_5.3.0.Signal=ARM.CMSIS_VS_CMSISJjCORE_5.3.0
Mcu.IP4=RCC
RCC.FCLKCortexFreq_Value=1000000
Mcu.IP5=SYS
Mcu.IP2=DMA
NVIC.SVCall_IRQn=true\:0\:0\:false\:false\:true\:false\:false
Mcu.IP3=NVIC
Mcu.IP0=ADC1
Mcu.IP1=ADC2
Mcu.UserConstants=
Mcu.ThirdPartyNb=1
ADC1.Mode=ADC_DUALMODE_REGSIMULT
RCC.HCLKFreq_Value=1000000
Mcu.IPNb=8
RCC.I2SClocksFreq_Value=8000000
ProjectManager.PreviousToolchain=SW4STM32
RCC.APB2TimFreq_Value=125000
Dma.ADC1.0.Direction=DMA_PERIPH_TO_MEMORY
Mcu.Pin6=PE9
Mcu.Pin7=PE10
Mcu.Pin8=PE11
PE10.Locked=true
Mcu.Pin9=PE12
Dma.ADC1.0.MemDataAlignment=DMA_MDATAALIGN_WORD
RCC.AHBFreq_Value=1000000
RCC.TIM2Freq_Value=125000
Mcu.Pin0=PA0
Mcu.Pin1=PA2
PE14.Locked=true
TIM8.IPParameters=Prescaler
GPIO.groupedBy=Group By Peripherals
Mcu.Pin2=PA5
Mcu.Pin3=PC4
RCC.USART3Freq_Value=62500
Mcu.Pin4=PC5
Mcu.Pin5=PE8
ProjectManager.ProjectBuild=false
NVIC.UsageFault_IRQn=true\:0\:0\:false\:false\:true\:false\:false
NVIC.DebugMonitor_IRQn=true\:0\:0\:false\:false\:true\:false\:false
RCC.Usart1ClockSelection=RCC_USART1CLKSOURCE_SYSCLK
NVIC.SysTick_IRQn=true\:0\:0\:false\:false\:true\:false\:true
ProjectManager.FirmwarePackage=STM32Cube FW_F3 V1.11.0
MxDb.Version=DB.5.0.60
ADC1.Channel-6\#ChannelRegularConversion=ADC_CHANNEL_1
Mcu.ThirdParty0=ARM.CMSIS.5.6.0
PE15.Locked=true
PE13.Signal=GPIO_Output
ProjectManager.BackupPrevious=false
PE9.Signal=GPIO_Output
PE8.Locked=true
PE9.Locked=true
Dma.ADC1.0.PeriphInc=DMA_PINC_DISABLE
File.Version=6
PA0.Mode=IN1-Single-Ended
NVIC.PendSV_IRQn=true\:0\:0\:false\:false\:true\:false\:false
ADC1.TwoSamplingDelay=ADC_TWOSAMPLINGDELAY_1CYCLE
PE10.Signal=GPIO_Output
Dma.RequestsNb=1
ProjectManager.HalAssertFull=false
ProjectManager.ProjectName=Whistle-2.0
PA0.Signal=ADC1_IN1
RCC.TIM1Freq_Value=125000
RCC.PLLMCOFreq_Value=4000000
Mcu.Package=LQFP100
ADC1.EnableInjectedConversion=DISABLE
ARM.CMSIS.5.6.0.CMSISJjDSP_Checked=true
RCC.ADC34outputFreq_Value=31250
ProjectManager.ToolChainLocation=
RCC.LSI_VALUE=40000
VP_SYS_VS_Systick.Signal=SYS_VS_Systick
ADC2.Channel-1\#ChannelRegularConversion=ADC_CHANNEL_2
TIM8.Prescaler=1
RCC.APB2CLKDivider=RCC_HCLK_DIV16
RCC.APB1TimFreq_Value=125000
NVIC.BusFault_IRQn=true\:0\:0\:false\:false\:true\:false\:false
PC5.Signal=USART1_RX
Dma.Request0=ADC1
ADC1.Rank-6\#ChannelRegularConversion=1
PE12.Locked=true
ProjectManager.CustomerFirmwarePackage=
PC4.Mode=Asynchronous
PA5.Mode=IN2-Single-Ended
PA2.Locked=true
ADC2.ClockPrescaler=ADC_CLOCK_SYNC_PCLK_DIV4
ProjectManager.ProjectFileName=Whistle-2.0.ioc
RCC.ADC12outputFreq_Value=31250
Dma.ADC1.0.Instance=DMA1_Channel1
ADC2.Mode=ADC_DUALMODE_REGSIMULT
Mcu.PinsNb=17
VP_ARM.CMSIS_VS_CMSISJjDSP_1.7.0.Signal=ARM.CMSIS_VS_CMSISJjDSP_1.7.0
ProjectManager.NoMain=false
ADC1.IPParameters=master,Mode,TwoSamplingDelay,DMAContinuousRequests,ContinuousConvMode,EnableInjectedConversion,EnableRegularConversion,Rank-6\#ChannelRegularConversion,Channel-6\#ChannelRegularConversion,SamplingTime-6\#ChannelRegularConversion,OffsetNumber-6\#ChannelRegularConversion,Offset-6\#ChannelRegularConversion,NbrOfConversionFlag,NbrOfConversion,ClockPrescaler
PC4.Signal=USART1_TX
ARM.CMSIS.5.6.0.CMSISJjDSP=Library
ProjectManager.DefaultFWLocation=true
ProjectManager.DeletePrevious=true
RCC.HSIPLLFreq_Value=4000000
RCC.APB1CLKDivider=RCC_HCLK_DIV16
RCC.FamilyName=M
USART1.VirtualMode-Asynchronous=VM_ASYNC
Dma.ADC1.0.PeriphDataAlignment=DMA_PDATAALIGN_WORD
ProjectManager.TargetToolchain=SW4STM32
Dma.ADC1.0.Mode=DMA_NORMAL
ADC2.IPParameters=Rank-1\#ChannelRegularConversion,Mode,ClockPrescaler,Channel-1\#ChannelRegularConversion,SamplingTime-1\#ChannelRegularConversion,OffsetNumber-1\#ChannelRegularConversion,Offset-1\#ChannelRegularConversion,NbrOfConversionFlag
Dma.ADC1.0.Priority=DMA_PRIORITY_LOW
VP_ARM.CMSIS_VS_CMSISJjDSP_1.7.0.Mode=CMSISJjDSP
VP_TIM8_VS_ClockSourceINT.Mode=Internal
RCC.USBFreq_Value=8000000
PE11.Signal=GPIO_Output
RCC.LSE_VALUE=32768
ADC2.OffsetNumber-1\#ChannelRegularConversion=ADC_OFFSET_NONE
ARM.CMSIS.5.6.0.CMSISJjCORE=true
PA5.Signal=ADC2_IN2
VP_ARM.CMSIS_VS_CMSISJjCORE_5.3.0.Mode=CMSISJjCORE
board=custom
ProjectManager.LastFirmware=true
RCC.VCOOutput2Freq_Value=4000000
Dma.ADC1.0.RequestParameters=Instance,Direction,PeriphInc,MemInc,PeriphDataAlignment,MemDataAlignment,Mode,Priority
ADC2.Offset-1\#ChannelRegularConversion=0
RCC.APB2Freq_Value=62500
RCC.TIM8Freq_Value=125000
PE14.Signal=GPIO_Output
RCC.UART4Freq_Value=62500
PE15.Signal=GPIO_Output
MxCube.Version=5.6.1
RCC.I2C1Freq_Value=8000000
PE8.Signal=GPIO_Output
VP_SYS_VS_Systick.Mode=SysTick
NVIC.NonMaskableInt_IRQn=true\:0\:0\:false\:false\:true\:false\:false
RCC.AHBCLKDivider=RCC_SYSCLK_DIV8
ADC1.DMAContinuousRequests=ENABLE
RCC.UART5Freq_Value=62500
ADC1.NbrOfConversion=1
ProjectManager.FreePins=false
ARM.CMSIS.5.6.0.CMSISJjCORE_Checked=true
RCC.IPParameters=ADC12PRES,ADC12outputFreq_Value,ADC34PRES,ADC34outputFreq_Value,AHBCLKDivider,AHBFreq_Value,APB1CLKDivider,APB1Freq_Value,APB1TimFreq_Value,APB2CLKDivider,APB2Freq_Value,APB2TimFreq_Value,CortexFreq_Value,FCLKCortexFreq_Value,FamilyName,HCLKFreq_Value,HSEPLLFreq_Value,HSIPLLFreq_Value,HSI_VALUE,I2C1Freq_Value,I2C2Freq_Value,I2SClocksFreq_Value,LSE_VALUE,LSI_VALUE,MCOFreq_Value,PLLCLKFreq_Value,PLLMCOFreq_Value,RTCFreq_Value,RTCHSEDivFreq_Value,SYSCLKFreq_VALUE,TIM1Freq_Value,TIM2Freq_Value,TIM8Freq_Value,UART4Freq_Value,UART5Freq_Value,USART1Freq_Value,USART2Freq_Value,USART3Freq_Value,USBFreq_Value,Usart1ClockSelection,VCOOutput2Freq_Value
PE11.Locked=true
ProjectManager.AskForMigrate=true
Mcu.Name=STM32F303V(B-C)Tx
PE12.Signal=GPIO_Output
RCC.RTCHSEDivFreq_Value=250000
PA2.Signal=OPAMP1_VOUT
ProjectManager.UnderRoot=true
ADC1.OffsetNumber-6\#ChannelRegularConversion=ADC_OFFSET_NONE
PE13.Locked=true
Mcu.IP6=TIM8
Mcu.IP7=USART1
ProjectManager.CoupleFile=true
RCC.SYSCLKFreq_VALUE=8000000
ADC1.master=1
ADC2.NbrOfConversionFlag=1
NVIC.ForceEnableDMAVector=true
KeepUserPlacement=false
NVIC.MemoryManagement_IRQn=true\:0\:0\:false\:false\:true\:false\:false
ProjectManager.CompilerOptimize=6
Dma.ADC1.0.MemInc=DMA_MINC_ENABLE
ProjectManager.HeapSize=0x200
Mcu.Pin15=VP_ARM.CMSIS_VS_CMSISJjCORE_5.3.0
NVIC.HardFault_IRQn=true\:0\:0\:false\:false\:true\:false\:false
Mcu.Pin16=VP_ARM.CMSIS_VS_CMSISJjDSP_1.7.0
Mcu.Pin13=VP_SYS_VS_Systick
Mcu.Pin14=VP_TIM8_VS_ClockSourceINT
ProjectManager.ComputerToolchain=false
RCC.HSI_VALUE=8000000
NVIC.PriorityGroup=NVIC_PRIORITYGROUP_4
ADC1.NbrOfConversionFlag=1
Mcu.Pin11=PE14
Mcu.Pin12=PE15
Mcu.Pin10=PE13
ADC2.Rank-1\#ChannelRegularConversion=1
ADC1.EnableRegularConversion=ENABLE
NVIC.DMA1_Channel1_IRQn=true\:0\:0\:false\:false\:true\:false\:true
RCC.ADC12PRES=RCC_ADC12PLLCLK_DIV256
RCC.I2C2Freq_Value=8000000
RCC.APB1Freq_Value=62500
ADC1.ClockPrescaler=ADC_CLOCK_SYNC_PCLK_DIV4
ProjectManager.DeviceId=STM32F303VCTx
ProjectManager.LibraryCopy=1
