#MicroXplorer Configuration settings - do not modify
Mcu.Family=STM32F3
ADC2.ClockPrescaler=ADC_CLOCK_SYNC_PCLK_DIV4
ProjectManager.MainLocation=Src
ADC1.Offset-6\#ChannelRegularConversion=0
RCC.USART1Freq_Value=8000000
ProjectManager.ProjectFileName=Whistle-2.0.ioc
Dma.ADC1.0.Instance=DMA1_Channel1
RCC.ADC12outputFreq_Value=31250
RCC.CortexFreq_Value=1000000
ADC2.Mode=ADC_DUALMODE_REGSIMULT
ProjectManager.KeepUserCode=true
Mcu.UserName=STM32F303VCTx
Mcu.PinsNb=9
VP_ARM.CMSIS_VS_CMSISJjDSP_1.7.0.Signal=ARM.CMSIS_VS_CMSISJjDSP_1.7.0
ADC2.SamplingTime-1\#ChannelRegularConversion=ADC_SAMPLETIME_1CYCLE_5
ADC1.ContinuousConvMode=ENABLE
ProjectManager.NoMain=false
ARM.CMSIS.5.6.0_SwParameter=CMSISJjDSP\:Library;CMSISJjCORE\:true;
ADC1.IPParameters=master,Mode,TwoSamplingDelay,DMAContinuousRequests,ContinuousConvMode,EnableInjectedConversion,EnableRegularConversion,Rank-6\#ChannelRegularConversion,Channel-6\#ChannelRegularConversion,SamplingTime-6\#ChannelRegularConversion,OffsetNumber-6\#ChannelRegularConversion,Offset-6\#ChannelRegularConversion,NbrOfConversionFlag,NbrOfConversion,ClockPrescaler
USART1.BaudRate=9600
ADC1.SamplingTime-6\#ChannelRegularConversion=ADC_SAMPLETIME_1CYCLE_5
RCC.PLLCLKFreq_Value=8000000
ARM.CMSIS.5.6.0.IPParameters=CMSISJjCORE,CMSISJjDSP
ProjectManager.functionlistsort=1-MX_GPIO_Init-GPIO-false-HAL-true,2-MX_DMA_Init-DMA-false-HAL-true,3-SystemClock_Config-RCC-false-HAL-false,4-MX_ADC1_Init-ADC1-false-HAL-true,5-MX_ADC2_Init-ADC2-false-HAL-true,6-MX_USART1_UART_Init-USART1-false-HAL-true,7-MX_OPAMP1_Init-OPAMP1-false-HAL-true
PC4.Signal=USART1_TX
ARM.CMSIS.5.6.0.CMSISJjDSP=Library
RCC.RTCFreq_Value=40000
ProjectManager.DefaultFWLocation=true
RCC.HSEPLLFreq_Value=8000000
RCC.USART2Freq_Value=62500
ProjectManager.DeletePrevious=true
PC5.Mode=Asynchronous
RCC.HSIPLLFreq_Value=4000000
USART1.IPParameters=VirtualMode-Asynchronous,BaudRate
RCC.APB1CLKDivider=RCC_HCLK_DIV16
PinOutPanel.RotationAngle=0
RCC.FamilyName=M
ProjectManager.StackSize=0x400
VP_ARM.CMSIS_VS_CMSISJjCORE_5.3.0.Signal=ARM.CMSIS_VS_CMSISJjCORE_5.3.0
USART1.VirtualMode-Asynchronous=VM_ASYNC
Mcu.IP4=RCC
RCC.FCLKCortexFreq_Value=1000000
Mcu.IP5=SYS
Mcu.IP2=DMA
NVIC.SVCall_IRQn=true\:0\:0\:false\:false\:true\:false\:false
Mcu.IP3=NVIC
Mcu.IP0=ADC1
Dma.ADC1.0.PeriphDataAlignment=DMA_PDATAALIGN_WORD
Mcu.IP1=ADC2
Mcu.UserConstants=
ProjectManager.TargetToolchain=SW4STM32
Dma.ADC1.0.Mode=DMA_NORMAL
Mcu.ThirdPartyNb=1
ADC1.Mode=ADC_DUALMODE_REGSIMULT
RCC.HCLKFreq_Value=1000000
ADC2.IPParameters=Rank-1\#ChannelRegularConversion,Mode,ClockPrescaler,Channel-1\#ChannelRegularConversion,SamplingTime-1\#ChannelRegularConversion,OffsetNumber-1\#ChannelRegularConversion,Offset-1\#ChannelRegularConversion,NbrOfConversionFlag
Mcu.IPNb=7
ProjectManager.PreviousToolchain=SW4STM32
VP_ARM.CMSIS_VS_CMSISJjDSP_1.7.0.Mode=CMSISJjDSP
Dma.ADC1.0.Priority=DMA_PRIORITY_LOW
RCC.APB2TimFreq_Value=125000
Dma.ADC1.0.Direction=DMA_PERIPH_TO_MEMORY
Mcu.Pin6=VP_SYS_VS_Systick
Mcu.Pin7=VP_ARM.CMSIS_VS_CMSISJjCORE_5.3.0
Mcu.Pin8=VP_ARM.CMSIS_VS_CMSISJjDSP_1.7.0
RCC.USBFreq_Value=8000000
RCC.LSE_VALUE=32768
Dma.ADC1.0.MemDataAlignment=DMA_MDATAALIGN_WORD
RCC.AHBFreq_Value=1000000
RCC.TIM2Freq_Value=125000
Mcu.Pin0=PA0
Mcu.Pin1=PA2
ADC2.OffsetNumber-1\#ChannelRegularConversion=ADC_OFFSET_NONE
Mcu.Pin2=PA5
Mcu.Pin3=PC4
RCC.USART3Freq_Value=62500
Mcu.Pin4=PC5
ARM.CMSIS.5.6.0.CMSISJjCORE=true
Mcu.Pin5=PE8
PA5.Signal=ADC2_IN2
ProjectManager.ProjectBuild=false
RCC.HSE_VALUE=8000000
NVIC.UsageFault_IRQn=true\:0\:0\:false\:false\:true\:false\:false
NVIC.DebugMonitor_IRQn=true\:0\:0\:false\:false\:true\:false\:false
VP_ARM.CMSIS_VS_CMSISJjCORE_5.3.0.Mode=CMSISJjCORE
board=custom
RCC.Usart1ClockSelection=RCC_USART1CLKSOURCE_SYSCLK
NVIC.SysTick_IRQn=true\:0\:0\:false\:false\:true\:false\:true
ProjectManager.LastFirmware=true
RCC.VCOOutput2Freq_Value=4000000
ADC2.Offset-1\#ChannelRegularConversion=0
Dma.ADC1.0.RequestParameters=Instance,Direction,PeriphInc,MemInc,PeriphDataAlignment,MemDataAlignment,Mode,Priority
ProjectManager.FirmwarePackage=STM32Cube FW_F3 V1.11.0
MxDb.Version=DB.5.0.60
ADC1.Channel-6\#ChannelRegularConversion=ADC_CHANNEL_1
Mcu.ThirdParty0=ARM.CMSIS.5.6.0
RCC.APB2Freq_Value=62500
RCC.TIM8Freq_Value=125000
RCC.UART4Freq_Value=62500
ProjectManager.BackupPrevious=false
MxCube.Version=5.6.1
RCC.I2C1Freq_Value=8000000
PE8.Signal=GPIO_Output
PE8.Locked=true
Dma.ADC1.0.PeriphInc=DMA_PINC_DISABLE
File.Version=6
PA0.Mode=IN1-Single-Ended
VP_SYS_VS_Systick.Mode=SysTick
NVIC.NonMaskableInt_IRQn=true\:0\:0\:false\:false\:true\:false\:false
RCC.AHBCLKDivider=RCC_SYSCLK_DIV8
NVIC.PendSV_IRQn=true\:0\:0\:false\:false\:true\:false\:false
ADC1.DMAContinuousRequests=ENABLE
RCC.UART5Freq_Value=62500
ADC1.NbrOfConversion=1
ADC1.TwoSamplingDelay=ADC_TWOSAMPLINGDELAY_1CYCLE
ProjectManager.FreePins=false
ARM.CMSIS.5.6.0.CMSISJjCORE_Checked=true
RCC.IPParameters=ADC12PRES,ADC12outputFreq_Value,ADC34outputFreq_Value,AHBCLKDivider,AHBFreq_Value,APB1CLKDivider,APB1Freq_Value,APB1TimFreq_Value,APB2CLKDivider,APB2Freq_Value,APB2TimFreq_Value,CortexFreq_Value,FCLKCortexFreq_Value,FamilyName,HCLKFreq_Value,HSEPLLFreq_Value,HSE_VALUE,HSIPLLFreq_Value,HSI_VALUE,I2C1Freq_Value,I2C2Freq_Value,LSE_VALUE,LSI_VALUE,PLLCLKFreq_Value,PLLMCOFreq_Value,RTCFreq_Value,RTCHSEDivFreq_Value,SYSCLKFreq_VALUE,TIM1Freq_Value,TIM2Freq_Value,TIM8Freq_Value,UART4Freq_Value,UART5Freq_Value,USART1Freq_Value,USART2Freq_Value,USART3Freq_Value,USBFreq_Value,Usart1ClockSelection,VCOOutput2Freq_Value
ProjectManager.AskForMigrate=true
Mcu.Name=STM32F303V(B-C)Tx
Dma.RequestsNb=1
ProjectManager.HalAssertFull=false
RCC.RTCHSEDivFreq_Value=250000
PA2.Signal=OPAMP1_VOUT
ProjectManager.ProjectName=Whistle-2.0
ProjectManager.UnderRoot=true
PA0.Signal=ADC1_IN1
ADC1.OffsetNumber-6\#ChannelRegularConversion=ADC_OFFSET_NONE
RCC.TIM1Freq_Value=125000
Mcu.IP6=USART1
RCC.PLLMCOFreq_Value=4000000
ProjectManager.CoupleFile=true
RCC.SYSCLKFreq_VALUE=8000000
Mcu.Package=LQFP100
ADC1.master=1
ADC1.EnableInjectedConversion=DISABLE
ADC2.NbrOfConversionFlag=1
NVIC.ForceEnableDMAVector=true
KeepUserPlacement=false
ARM.CMSIS.5.6.0.CMSISJjDSP_Checked=true
RCC.ADC34outputFreq_Value=8000000
NVIC.MemoryManagement_IRQn=true\:0\:0\:false\:false\:true\:false\:false
ProjectManager.CompilerOptimize=6
ProjectManager.ToolChainLocation=
RCC.LSI_VALUE=40000
VP_SYS_VS_Systick.Signal=SYS_VS_Systick
ADC2.Channel-1\#ChannelRegularConversion=ADC_CHANNEL_2
Dma.ADC1.0.MemInc=DMA_MINC_ENABLE
ProjectManager.HeapSize=0x200
NVIC.HardFault_IRQn=true\:0\:0\:false\:false\:true\:false\:false
ProjectManager.ComputerToolchain=false
RCC.HSI_VALUE=8000000
NVIC.PriorityGroup=NVIC_PRIORITYGROUP_4
ADC1.NbrOfConversionFlag=1
RCC.APB2CLKDivider=RCC_HCLK_DIV16
ADC1.EnableRegularConversion=ENABLE
ADC2.Rank-1\#ChannelRegularConversion=1
RCC.APB1TimFreq_Value=125000
NVIC.BusFault_IRQn=true\:0\:0\:false\:false\:true\:false\:false
PC5.Signal=USART1_RX
NVIC.DMA1_Channel1_IRQn=true\:0\:0\:false\:false\:true\:false\:true
RCC.ADC12PRES=RCC_ADC12PLLCLK_DIV256
RCC.I2C2Freq_Value=8000000
ADC1.Rank-6\#ChannelRegularConversion=1
Dma.Request0=ADC1
RCC.APB1Freq_Value=62500
ADC1.ClockPrescaler=ADC_CLOCK_SYNC_PCLK_DIV4
ProjectManager.CustomerFirmwarePackage=
ProjectManager.DeviceId=STM32F303VCTx
ProjectManager.LibraryCopy=1
PC4.Mode=Asynchronous
PA5.Mode=IN2-Single-Ended
PA2.Locked=true
